
Microsoft Visual Studio Solution File, Format Version 12.00
# Visual Studio Version 17
VisualStudioVersion = 17.2.32526.322
MinimumVisualStudioVersion = 10.0.40219.1
Project("{9A19103F-16F7-4668-BE54-9A1E7A4F7556}") = "Homework_LINQ", "Homework_LINQ.prj\Homework_LINQ.csproj", "{271BAFC8-958D-4D50-9B5D-A96BAC610302}"
EndProject
Global
	GlobalSection(SolutionConfigurationPlatforms) = preSolution
		Debug|Any CPU = Debug|Any CPU
		Release|Any CPU = Release|Any CPU
	EndGlobalSection
	GlobalSection(ProjectConfigurationPlatforms) = postSolution
		{271BAFC8-958D-4D50-9B5D-A96BAC610302}.Debug|Any CPU.ActiveCfg = Debug|Any CPU
		{271BAFC8-958D-4D50-9B5D-A96BAC610302}.Debug|Any CPU.Build.0 = Debug|Any CPU
		{271BAFC8-958D-4D50-9B5D-A96BAC610302}.Release|Any CPU.ActiveCfg = Release|Any CPU
		{271BAFC8-958D-4D50-9B5D-A96BAC610302}.Release|Any CPU.Build.0 = Release|Any CPU
	EndGlobalSection
	GlobalSection(SolutionProperties) = preSolution
		HideSolutionNode = FALSE
	EndGlobalSection
	GlobalSection(ExtensibilityGlobals) = postSolution
		SolutionGuid = {AB8A96B7-CA5D-4E0A-830B-B91FB3A5AB32}
	EndGlobalSection
EndGlobal
